{
  "version": 1,
  "dependencies": {
    ".NETFramework,Version=v4.8": {
      "Microsoft.NETFramework.ReferenceAssemblies": {
        "type": "Direct",
        "requested": "[1.0.3, )",
        "resolved": "1.0.3",
        "contentHash": "47gxeykGlqOAoyq92edecd2uaASXab64lQJMNAifQSYq7d9T4wmEMwsSk/AT402FSoMiOuHir+QXGGeV2o3BSA==",
        "dependencies": {
          "Microsoft.NETFramework.ReferenceAssemblies.net48": "1.0.3"
        }
      },
      "Microsoft.NETFramework.ReferenceAssemblies.net48": {
        "type": "Transitive",
        "resolved": "1.0.3",
        "contentHash": "XWKgyeNadNcTQaIVvQB8BrdCNrEar6fo/de1OdQRZ9HFy0jcBSaM8IV5q64ZampsSnC8AlTsACaGZUuoFw41RA=="
      },
      "Microsoft.Web.WebView2": {
        "type": "Direct",
        "requested": "[1.0.4258.31, )",
        "resolved": "1.0.4258.31",
        "contentHash": "HlGVwvyP/IWiXAU8K57Vmg59khY3DWMOxMnH4AHusFRy0/vDAjKItXUIVNXiXXaq4CLfSZyNUic1wOIlnPLsPQ=="
      },
      "Velopack": {
        "type": "Direct",
        "resolved": "1.2.161",
        "contentHash": "8NAw46NKBFk1rU8wQK4zL1h6Ii7XO6XYEkWyKO2hmGfBUjQ3nUiLcWVi5/IqMUqAcqwjKo1FJf2SZQ/rlulWVQ==",
        "requested": "[1.2.161, )",
        "dependencies": {
          "Newtonsoft.Json": "13.0.4"
        }
      },
      "Newtonsoft.Json": {
        "type": "Transitive",
        "resolved": "13.0.4",
        "contentHash": "bR+v+E/yJ6g7GV2uXw2OrUSjYYfjLkOLC8JD4kCS23msLapnKtdJPBJA75fwHH++ErIffeIqzYITLxAur4KAXA=="
      }
    }
  }
}
